
Microsoft Visual Studio Solution File, Format Version 12.00
# Visual Studio Version 17
VisualStudioVersion = 17.7.34024.191
MinimumVisualStudioVersion = 10.0.40219.1
Project("{FAE04EC0-301F-11D3-BF4B-00C04F79EFBC}") = "Zad1_19.10.23", "Zad1_19.10.23\Zad1_19.10.23.csproj", "{F9FF0C14-656C-43B4-90DE-A4629B06D644}"
EndProject
Global
	GlobalSection(SolutionConfigurationPlatforms) = preSolution
		Debug|Any CPU = Debug|Any CPU
		Release|Any CPU = Release|Any CPU
	EndGlobalSection
	GlobalSection(ProjectConfigurationPlatforms) = postSolution
		{F9FF0C14-656C-43B4-90DE-A4629B06D644}.Debug|Any CPU.ActiveCfg = Debug|Any CPU
		{F9FF0C14-656C-43B4-90DE-A4629B06D644}.Debug|Any CPU.Build.0 = Debug|Any CPU
		{F9FF0C14-656C-43B4-90DE-A4629B06D644}.Release|Any CPU.ActiveCfg = Release|Any CPU
		{F9FF0C14-656C-43B4-90DE-A4629B06D644}.Release|Any CPU.Build.0 = Release|Any CPU
	EndGlobalSection
	GlobalSection(SolutionProperties) = preSolution
		HideSolutionNode = FALSE
	EndGlobalSection
	GlobalSection(ExtensibilityGlobals) = postSolution
		SolutionGuid = {78B7D0B9-BCB4-476F-9299-E89F072958DA}
	EndGlobalSection
EndGlobal
